// !$*UTF8*$!
{
	archiveVersion = 1;
	classes = {
	};
	objectVersion = 45;
	objects = {

/* Begin PBXBuildFile section */
		1D3623260D0F684500981E51 /* ASINetWorkQueue_imageDataDownLoadDemoAppDelegate.m in Sources */ = {isa = PBXBuildFile; fileRef = 1D3623250D0F684500981E51 /* ASINetWorkQueue_imageDataDownLoadDemoAppDelegate.m */; };
		1D60589B0D05DD56006BFB54 /* main.m in Sources */ = {isa = PBXBuildFile; fileRef = 29B97316FDCFA39411CA2CEA /* main.m */; };
		1D60589F0D05DD5A006BFB54 /* Foundation.framework in Frameworks */ = {isa = PBXBuildFile; fileRef = 1D30AB110D05D00D00671497 /* Foundation.framework */; };
		1DF5F4E00D08C38300B7A737 /* UIKit.framework in Frameworks */ = {isa = PBXBuildFile; fileRef = 1DF5F4DF0D08C38300B7A737 /* UIKit.framework */; };
		288765A50DF7441C002DB57D /* CoreGraphics.framework in Frameworks */ = {isa = PBXBuildFile; fileRef = 288765A40DF7441C002DB57D /* CoreGraphics.framework */; };
		2899E5220DE3E06400AC0155 /* ASINetWorkQueue_imageDataDownLoadDemoViewController.xib in Resources */ = {isa = PBXBuildFile; fileRef = 2899E5210DE3E06400AC0155 /* ASINetWorkQueue_imageDataDownLoadDemoViewController.xib */; };
		28AD733F0D9D9553002E5188 /* MainWindow.xib in Resources */ = {isa = PBXBuildFile; fileRef = 28AD733E0D9D9553002E5188 /* MainWindow.xib */; };
		28D7ACF80DDB3853001CB0EB /* ASINetWorkQueue_imageDataDownLoadDemoViewController.m in Sources */ = {isa = PBXBuildFile; fileRef = 28D7ACF70DDB3853001CB0EB /* ASINetWorkQueue_imageDataDownLoadDemoViewController.m */; };
		7E7840B21384C3F3002994F0 /* CFNetwork.framework in Frameworks */ = {isa = PBXBuildFile; fileRef = 7E7840B11384C3F3002994F0 /* CFNetwork.framework */; };
		7E7840B61384C3F7002994F0 /* SystemConfiguration.framework in Frameworks */ = {isa = PBXBuildFile; fileRef = 7E7840B51384C3F7002994F0 /* SystemConfiguration.framework */; };
		7E7840BA1384C3FE002994F0 /* libz.dylib in Frameworks */ = {isa = PBXBuildFile; fileRef = 7E7840B91384C3FE002994F0 /* libz.dylib */; };
		7EE7616A1384E2D500B649A6 /* ASIAuthenticationDialog.m in Sources */ = {isa = PBXBuildFile; fileRef = 7EE7615B1384E2D400B649A6 /* ASIAuthenticationDialog.m */; };
		7EE7616B1384E2D500B649A6 /* ASIInputStream.m in Sources */ = {isa = PBXBuildFile; fileRef = 7EE7615D1384E2D400B649A6 /* ASIInputStream.m */; };
		7EE7616C1384E2D500B649A6 /* ASIFormDataRequest.m in Sources */ = {isa = PBXBuildFile; fileRef = 7EE7615F1384E2D400B649A6 /* ASIFormDataRequest.m */; };
		7EE7616D1384E2D500B649A6 /* ASIHTTPRequest.m in Sources */ = {isa = PBXBuildFile; fileRef = 7EE761611384E2D400B649A6 /* ASIHTTPRequest.m */; };
		7EE7616E1384E2D500B649A6 /* ASINetworkQueue.m in Sources */ = {isa = PBXBuildFile; fileRef = 7EE761631384E2D400B649A6 /* ASINetworkQueue.m */; };
		7EE7616F1384E2D500B649A6 /* ASIDownloadCache.m in Sources */ = {isa = PBXBuildFile; fileRef = 7EE761651384E2D400B649A6 /* ASIDownloadCache.m */; };
		7EE761701384E2D500B649A6 /* ASIDataDecompressor.m in Sources */ = {isa = PBXBuildFile; fileRef = 7EE761671384E2D400B649A6 /* ASIDataDecompressor.m */; };
		7EE761711384E2D500B649A6 /* ASIDataCompressor.m in Sources */ = {isa = PBXBuildFile; fileRef = 7EE761691384E2D400B649A6 /* ASIDataCompressor.m */; };
		7EE761781384E46600B649A6 /* Reachability.m in Sources */ = {isa = PBXBuildFile; fileRef = 7EE761771384E46500B649A6 /* Reachability.m */; };
		7EE761881384E92D00B649A6 /* MobileCoreServices.framework in Frameworks */ = {isa = PBXBuildFile; fileRef = 7EE761871384E92D00B649A6 /* MobileCoreServices.framework */; };
		7EE7618A1384E94100B649A6 /* QuartzCore.framework in Frameworks */ = {isa = PBXBuildFile; fileRef = 7EE761891384E94100B649A6 /* QuartzCore.framework */; };
		7EE7618C1384F82300B649A6 /* 3.png in Resources */ = {isa = PBXBuildFile; fileRef = 7EE7618B1384F82300B649A6 /* 3.png */; };
/* End PBXBuildFile section */

/* Begin PBXFileReference section */
		1D30AB110D05D00D00671497 /* Foundation.framework */ = {isa = PBXFileReference; lastKnownFileType = wrapper.framework; name = Foundation.framework; path = System/Library/Frameworks/Foundation.framework; sourceTree = SDKROOT; };
		1D3623240D0F684500981E51 /* ASINetWorkQueue_imageDataDownLoadDemoAppDelegate.h */ = {isa = PBXFileReference; fileEncoding = 4; lastKnownFileType = sourcecode.c.h; path = ASINetWorkQueue_imageDataDownLoadDemoAppDelegate.h; sourceTree = "<group>"; };
		1D3623250D0F684500981E51 /* ASINetWorkQueue_imageDataDownLoadDemoAppDelegate.m */ = {isa = PBXFileReference; fileEncoding = 4; lastKnownFileType = sourcecode.c.objc; path = ASINetWorkQueue_imageDataDownLoadDemoAppDelegate.m; sourceTree = "<group>"; };
		1D6058910D05DD3D006BFB54 /* ASINetWorkQueue_imageDataDownLoadDemo.app */ = {isa = PBXFileReference; explicitFileType = wrapper.application; includeInIndex = 0; path = ASINetWorkQueue_imageDataDownLoadDemo.app; sourceTree = BUILT_PRODUCTS_DIR; };
		1DF5F4DF0D08C38300B7A737 /* UIKit.framework */ = {isa = PBXFileReference; lastKnownFileType = wrapper.framework; name = UIKit.framework; path = System/Library/Frameworks/UIKit.framework; sourceTree = SDKROOT; };
		288765A40DF7441C002DB57D /* CoreGraphics.framework */ = {isa = PBXFileReference; lastKnownFileType = wrapper.framework; name = CoreGraphics.framework; path = System/Library/Frameworks/CoreGraphics.framework; sourceTree = SDKROOT; };
		2899E5210DE3E06400AC0155 /* ASINetWorkQueue_imageDataDownLoadDemoViewController.xib */ = {isa = PBXFileReference; lastKnownFileType = file.xib; path = ASINetWorkQueue_imageDataDownLoadDemoViewController.xib; sourceTree = "<group>"; };
		28AD733E0D9D9553002E5188 /* MainWindow.xib */ = {isa = PBXFileReference; lastKnownFileType = file.xib; path = MainWindow.xib; sourceTree = "<group>"; };
		28D7ACF60DDB3853001CB0EB /* ASINetWorkQueue_imageDataDownLoadDemoViewController.h */ = {isa = PBXFileReference; fileEncoding = 4; lastKnownFileType = sourcecode.c.h; path = ASINetWorkQueue_imageDataDownLoadDemoViewController.h; sourceTree = "<group>"; };
		28D7ACF70DDB3853001CB0EB /* ASINetWorkQueue_imageDataDownLoadDemoViewController.m */ = {isa = PBXFileReference; fileEncoding = 4; lastKnownFileType = sourcecode.c.objc; path = ASINetWorkQueue_imageDataDownLoadDemoViewController.m; sourceTree = "<group>"; };
		29B97316FDCFA39411CA2CEA /* main.m */ = {isa = PBXFileReference; fileEncoding = 4; lastKnownFileType = sourcecode.c.objc; path = main.m; sourceTree = "<group>"; };
		32CA4F630368D1EE00C91783 /* ASINetWorkQueue_imageDataDownLoadDemo_Prefix.pch */ = {isa = PBXFileReference; fileEncoding = 4; lastKnownFileType = sourcecode.c.h; path = ASINetWorkQueue_imageDataDownLoadDemo_Prefix.pch; sourceTree = "<group>"; };
		7E7840B11384C3F3002994F0 /* CFNetwork.framework */ = {isa = PBXFileReference; lastKnownFileType = wrapper.framework; name = CFNetwork.framework; path = System/Library/Frameworks/CFNetwork.framework; sourceTree = SDKROOT; };
		7E7840B51384C3F7002994F0 /* SystemConfiguration.framework */ = {isa = PBXFileReference; lastKnownFileType = wrapper.framework; name = SystemConfiguration.framework; path = System/Library/Frameworks/SystemConfiguration.framework; sourceTree = SDKROOT; };
		7E7840B91384C3FE002994F0 /* libz.dylib */ = {isa = PBXFileReference; lastKnownFileType = "compiled.mach-o.dylib"; name = libz.dylib; path = usr/lib/libz.dylib; sourceTree = SDKROOT; };
		7EE761561384E2D400B649A6 /* ASIHTTPRequestConfig.h */ = {isa = PBXFileReference; fileEncoding = 4; lastKnownFileType = sourcecode.c.h; path = ASIHTTPRequestConfig.h; sourceTree = "<group>"; };
		7EE761571384E2D400B649A6 /* ASICacheDelegate.h */ = {isa = PBXFileReference; fileEncoding = 4; lastKnownFileType = sourcecode.c.h; path = ASICacheDelegate.h; sourceTree = "<group>"; };
		7EE761581384E2D400B649A6 /* ASIHTTPRequestDelegate.h */ = {isa = PBXFileReference; fileEncoding = 4; lastKnownFileType = sourcecode.c.h; path = ASIHTTPRequestDelegate.h; sourceTree = "<group>"; };
		7EE761591384E2D400B649A6 /* ASIProgressDelegate.h */ = {isa = PBXFileReference; fileEncoding = 4; lastKnownFileType = sourcecode.c.h; path = ASIProgressDelegate.h; sourceTree = "<group>"; };
		7EE7615A1384E2D400B649A6 /* ASIAuthenticationDialog.h */ = {isa = PBXFileReference; fileEncoding = 4; lastKnownFileType = sourcecode.c.h; path = ASIAuthenticationDialog.h; sourceTree = "<group>"; };
		7EE7615B1384E2D400B649A6 /* ASIAuthenticationDialog.m */ = {isa = PBXFileReference; fileEncoding = 4; lastKnownFileType = sourcecode.c.objc; path = ASIAuthenticationDialog.m; sourceTree = "<group>"; };
		7EE7615C1384E2D400B649A6 /* ASIInputStream.h */ = {isa = PBXFileReference; fileEncoding = 4; lastKnownFileType = sourcecode.c.h; path = ASIInputStream.h; sourceTree = "<group>"; };
		7EE7615D1384E2D400B649A6 /* ASIInputStream.m */ = {isa = PBXFileReference; fileEncoding = 4; lastKnownFileType = sourcecode.c.objc; path = ASIInputStream.m; sourceTree = "<group>"; };
		7EE7615E1384E2D400B649A6 /* ASIFormDataRequest.h */ = {isa = PBXFileReference; fileEncoding = 4; lastKnownFileType = sourcecode.c.h; path = ASIFormDataRequest.h; sourceTree = "<group>"; };
		7EE7615F1384E2D400B649A6 /* ASIFormDataRequest.m */ = {isa = PBXFileReference; fileEncoding = 4; lastKnownFileType = sourcecode.c.objc; path = ASIFormDataRequest.m; sourceTree = "<group>"; };
		7EE761601384E2D400B649A6 /* ASIHTTPRequest.h */ = {isa = PBXFileReference; fileEncoding = 4; lastKnownFileType = sourcecode.c.h; path = ASIHTTPRequest.h; sourceTree = "<group>"; };
		7EE761611384E2D400B649A6 /* ASIHTTPRequest.m */ = {isa = PBXFileReference; fileEncoding = 4; lastKnownFileType = sourcecode.c.objc; path = ASIHTTPRequest.m; sourceTree = "<group>"; };
		7EE761621384E2D400B649A6 /* ASINetworkQueue.h */ = {isa = PBXFileReference; fileEncoding = 4; lastKnownFileType = sourcecode.c.h; path = ASINetworkQueue.h; sourceTree = "<group>"; };
		7EE761631384E2D400B649A6 /* ASINetworkQueue.m */ = {isa = PBXFileReference; fileEncoding = 4; lastKnownFileType = sourcecode.c.objc; path = ASINetworkQueue.m; sourceTree = "<group>"; };
		7EE761641384E2D400B649A6 /* ASIDownloadCache.h */ = {isa = PBXFileReference; fileEncoding = 4; lastKnownFileType = sourcecode.c.h; path = ASIDownloadCache.h; sourceTree = "<group>"; };
		7EE761651384E2D400B649A6 /* ASIDownloadCache.m */ = {isa = PBXFileReference; fileEncoding = 4; lastKnownFileType = sourcecode.c.objc; path = ASIDownloadCache.m; sourceTree = "<group>"; };
		7EE761661384E2D400B649A6 /* ASIDataDecompressor.h */ = {isa = PBXFileReference; fileEncoding = 4; lastKnownFileType = sourcecode.c.h; path = ASIDataDecompressor.h; sourceTree = "<group>"; };
		7EE761671384E2D400B649A6 /* ASIDataDecompressor.m */ = {isa = PBXFileReference; fileEncoding = 4; lastKnownFileType = sourcecode.c.objc; path = ASIDataDecompressor.m; sourceTree = "<group>"; };
		7EE761681384E2D400B649A6 /* ASIDataCompressor.h */ = {isa = PBXFileReference; fileEncoding = 4; lastKnownFileType = sourcecode.c.h; path = ASIDataCompressor.h; sourceTree = "<group>"; };
		7EE761691384E2D400B649A6 /* ASIDataCompressor.m */ = {isa = PBXFileReference; fileEncoding = 4; lastKnownFileType = sourcecode.c.objc; path = ASIDataCompressor.m; sourceTree = "<group>"; };
		7EE761761384E46500B649A6 /* Reachability.h */ = {isa = PBXFileReference; fileEncoding = 4; lastKnownFileType = sourcecode.c.h; path = Reachability.h; sourceTree = "<group>"; };
		7EE761771384E46500B649A6 /* Reachability.m */ = {isa = PBXFileReference; fileEncoding = 4; lastKnownFileType = sourcecode.c.objc; path = Reachability.m; sourceTree = "<group>"; };
		7EE761871384E92D00B649A6 /* MobileCoreServices.framework */ = {isa = PBXFileReference; lastKnownFileType = wrapper.framework; name = MobileCoreServices.framework; path = System/Library/Frameworks/MobileCoreServices.framework; sourceTree = SDKROOT; };
		7EE761891384E94100B649A6 /* QuartzCore.framework */ = {isa = PBXFileReference; lastKnownFileType = wrapper.framework; name = QuartzCore.framework; path = System/Library/Frameworks/QuartzCore.framework; sourceTree = SDKROOT; };
		7EE7618B1384F82300B649A6 /* 3.png */ = {isa = PBXFileReference; lastKnownFileType = image.png; path = 3.png; sourceTree = "<group>"; };
		8D1107310486CEB800E47090 /* ASINetWorkQueue_imageDataDownLoadDemo-Info.plist */ = {isa = PBXFileReference; fileEncoding = 4; lastKnownFileType = text.plist.xml; path = "ASINetWorkQueue_imageDataDownLoadDemo-Info.plist"; plistStructureDefinitionIdentifier = "com.apple.xcode.plist.structure-definition.iphone.info-plist"; sourceTree = "<group>"; };
/* End PBXFileReference section */

/* Begin PBXFrameworksBuildPhase section */
		1D60588F0D05DD3D006BFB54 /* Frameworks */ = {
			isa = PBXFrameworksBuildPhase;
			buildActionMask = 2147483647;
			files = (
				7EE7618A1384E94100B649A6 /* QuartzCore.framework in Frameworks */,
				7EE761881384E92D00B649A6 /* MobileCoreServices.framework in Frameworks */,
				1D60589F0D05DD5A006BFB54 /* Foundation.framework in Frameworks */,
				1DF5F4E00D08C38300B7A737 /* UIKit.framework in Frameworks */,
				288765A50DF7441C002DB57D /* CoreGraphics.framework in Frameworks */,
				7E7840B21384C3F3002994F0 /* CFNetwork.framework in Frameworks */,
				7E7840B61384C3F7002994F0 /* SystemConfiguration.framework in Frameworks */,
				7E7840BA1384C3FE002994F0 /* libz.dylib in Frameworks */,
			);
			runOnlyForDeploymentPostprocessing = 0;
		};
/* End PBXFrameworksBuildPhase section */

/* Begin PBXGroup section */
		080E96DDFE201D6D7F000001 /* Classes */ = {
			isa = PBXGroup;
			children = (
				7EE761551384E2B600B649A6 /* ASI */,
				1D3623240D0F684500981E51 /* ASINetWorkQueue_imageDataDownLoadDemoAppDelegate.h */,
				1D3623250D0F684500981E51 /* ASINetWorkQueue_imageDataDownLoadDemoAppDelegate.m */,
				28D7ACF60DDB3853001CB0EB /* ASINetWorkQueue_imageDataDownLoadDemoViewController.h */,
				28D7ACF70DDB3853001CB0EB /* ASINetWorkQueue_imageDataDownLoadDemoViewController.m */,
			);
			path = Classes;
			sourceTree = "<group>";
		};
		19C28FACFE9D520D11CA2CBB /* Products */ = {
			isa = PBXGroup;
			children = (
				1D6058910D05DD3D006BFB54 /* ASINetWorkQueue_imageDataDownLoadDemo.app */,
			);
			name = Products;
			sourceTree = "<group>";
		};
		29B97314FDCFA39411CA2CEA /* CustomTemplate */ = {
			isa = PBXGroup;
			children = (
				080E96DDFE201D6D7F000001 /* Classes */,
				29B97315FDCFA39411CA2CEA /* Other Sources */,
				29B97323FDCFA39411CA2CEA /* Frameworks */,
				29B97317FDCFA39411CA2CEA /* Resources */,
				19C28FACFE9D520D11CA2CBB /* Products */,
			);
			name = CustomTemplate;
			sourceTree = "<group>";
		};
		29B97315FDCFA39411CA2CEA /* Other Sources */ = {
			isa = PBXGroup;
			children = (
				32CA4F630368D1EE00C91783 /* ASINetWorkQueue_imageDataDownLoadDemo_Prefix.pch */,
				29B97316FDCFA39411CA2CEA /* main.m */,
			);
			name = "Other Sources";
			sourceTree = "<group>";
		};
		29B97317FDCFA39411CA2CEA /* Resources */ = {
			isa = PBXGroup;
			children = (
				7EE7618B1384F82300B649A6 /* 3.png */,
				2899E5210DE3E06400AC0155 /* ASINetWorkQueue_imageDataDownLoadDemoViewController.xib */,
				28AD733E0D9D9553002E5188 /* MainWindow.xib */,
				8D1107310486CEB800E47090 /* ASINetWorkQueue_imageDataDownLoadDemo-Info.plist */,
			);
			name = Resources;
			sourceTree = "<group>";
		};
		29B97323FDCFA39411CA2CEA /* Frameworks */ = {
			isa = PBXGroup;
			children = (
				7EE761891384E94100B649A6 /* QuartzCore.framework */,
				7EE761871384E92D00B649A6 /* MobileCoreServices.framework */,
				1DF5F4DF0D08C38300B7A737 /* UIKit.framework */,
				1D30AB110D05D00D00671497 /* Foundation.framework */,
				288765A40DF7441C002DB57D /* CoreGraphics.framework */,
				7E7840B11384C3F3002994F0 /* CFNetwork.framework */,
				7E7840B51384C3F7002994F0 /* SystemConfiguration.framework */,
				7E7840B91384C3FE002994F0 /* libz.dylib */,
			);
			name = Frameworks;
			sourceTree = "<group>";
		};
		7EE761551384E2B600B649A6 /* ASI */ = {
			isa = PBXGroup;
			children = (
				7EE761761384E46500B649A6 /* Reachability.h */,
				7EE761771384E46500B649A6 /* Reachability.m */,
				7EE761561384E2D400B649A6 /* ASIHTTPRequestConfig.h */,
				7EE761571384E2D400B649A6 /* ASICacheDelegate.h */,
				7EE761581384E2D400B649A6 /* ASIHTTPRequestDelegate.h */,
				7EE761591384E2D400B649A6 /* ASIProgressDelegate.h */,
				7EE7615A1384E2D400B649A6 /* ASIAuthenticationDialog.h */,
				7EE7615B1384E2D400B649A6 /* ASIAuthenticationDialog.m */,
				7EE7615C1384E2D400B649A6 /* ASIInputStream.h */,
				7EE7615D1384E2D400B649A6 /* ASIInputStream.m */,
				7EE7615E1384E2D400B649A6 /* ASIFormDataRequest.h */,
				7EE7615F1384E2D400B649A6 /* ASIFormDataRequest.m */,
				7EE761601384E2D400B649A6 /* ASIHTTPRequest.h */,
				7EE761611384E2D400B649A6 /* ASIHTTPRequest.m */,
				7EE761621384E2D400B649A6 /* ASINetworkQueue.h */,
				7EE761631384E2D400B649A6 /* ASINetworkQueue.m */,
				7EE761641384E2D400B649A6 /* ASIDownloadCache.h */,
				7EE761651384E2D400B649A6 /* ASIDownloadCache.m */,
				7EE761661384E2D400B649A6 /* ASIDataDecompressor.h */,
				7EE761671384E2D400B649A6 /* ASIDataDecompressor.m */,
				7EE761681384E2D400B649A6 /* ASIDataCompressor.h */,
				7EE761691384E2D400B649A6 /* ASIDataCompressor.m */,
			);
			name = ASI;
			sourceTree = "<group>";
		};
/* End PBXGroup section */

/* Begin PBXNativeTarget section */
		1D6058900D05DD3D006BFB54 /* ASINetWorkQueue_imageDataDownLoadDemo */ = {
			isa = PBXNativeTarget;
			buildConfigurationList = 1D6058960D05DD3E006BFB54 /* Build configuration list for PBXNativeTarget "ASINetWorkQueue_imageDataDownLoadDemo" */;
			buildPhases = (
				1D60588D0D05DD3D006BFB54 /* Resources */,
				1D60588E0D05DD3D006BFB54 /* Sources */,
				1D60588F0D05DD3D006BFB54 /* Frameworks */,
			);
			buildRules = (
			);
			dependencies = (
			);
			name = ASINetWorkQueue_imageDataDownLoadDemo;
			productName = ASINetWorkQueue_imageDataDownLoadDemo;
			productReference = 1D6058910D05DD3D006BFB54 /* ASINetWorkQueue_imageDataDownLoadDemo.app */;
			productType = "com.apple.product-type.application";
		};
/* End PBXNativeTarget section */

/* Begin PBXProject section */
		29B97313FDCFA39411CA2CEA /* Project object */ = {
			isa = PBXProject;
			buildConfigurationList = C01FCF4E08A954540054247B /* Build configuration list for PBXProject "ASINetWorkQueue_imageDataDownLoadDemo" */;
			compatibilityVersion = "Xcode 3.1";
			developmentRegion = English;
			hasScannedForEncodings = 1;
			knownRegions = (
				English,
				Japanese,
				French,
				German,
			);
			mainGroup = 29B97314FDCFA39411CA2CEA /* CustomTemplate */;
			projectDirPath = "";
			projectRoot = "";
			targets = (
				1D6058900D05DD3D006BFB54 /* ASINetWorkQueue_imageDataDownLoadDemo */,
			);
		};
/* End PBXProject section */

/* Begin PBXResourcesBuildPhase section */
		1D60588D0D05DD3D006BFB54 /* Resources */ = {
			isa = PBXResourcesBuildPhase;
			buildActionMask = 2147483647;
			files = (
				28AD733F0D9D9553002E5188 /* MainWindow.xib in Resources */,
				2899E5220DE3E06400AC0155 /* ASINetWorkQueue_imageDataDownLoadDemoViewController.xib in Resources */,
				7EE7618C1384F82300B649A6 /* 3.png in Resources */,
			);
			runOnlyForDeploymentPostprocessing = 0;
		};
/* End PBXResourcesBuildPhase section */

/* Begin PBXSourcesBuildPhase section */
		1D60588E0D05DD3D006BFB54 /* Sources */ = {
			isa = PBXSourcesBuildPhase;
			buildActionMask = 2147483647;
			files = (
				1D60589B0D05DD56006BFB54 /* main.m in Sources */,
				1D3623260D0F684500981E51 /* ASINetWorkQueue_imageDataDownLoadDemoAppDelegate.m in Sources */,
				28D7ACF80DDB3853001CB0EB /* ASINetWorkQueue_imageDataDownLoadDemoViewController.m in Sources */,
				7EE7616A1384E2D500B649A6 /* ASIAuthenticationDialog.m in Sources */,
				7EE7616B1384E2D500B649A6 /* ASIInputStream.m in Sources */,
				7EE7616C1384E2D500B649A6 /* ASIFormDataRequest.m in Sources */,
				7EE7616D1384E2D500B649A6 /* ASIHTTPRequest.m in Sources */,
				7EE7616E1384E2D500B649A6 /* ASINetworkQueue.m in Sources */,
				7EE7616F1384E2D500B649A6 /* ASIDownloadCache.m in Sources */,
				7EE761701384E2D500B649A6 /* ASIDataDecompressor.m in Sources */,
				7EE761711384E2D500B649A6 /* ASIDataCompressor.m in Sources */,
				7EE761781384E46600B649A6 /* Reachability.m in Sources */,
			);
			runOnlyForDeploymentPostprocessing = 0;
		};
/* End PBXSourcesBuildPhase section */

/* Begin XCBuildConfiguration section */
		1D6058940D05DD3E006BFB54 /* Debug */ = {
			isa = XCBuildConfiguration;
			buildSettings = {
				ALWAYS_SEARCH_USER_PATHS = NO;
				COPY_PHASE_STRIP = NO;
				FRAMEWORK_SEARCH_PATHS = (
					"$(inherited)",
					"\"$(SRCROOT)\"",
				);
				GCC_DYNAMIC_NO_PIC = NO;
				GCC_OPTIMIZATION_LEVEL = 0;
				GCC_PRECOMPILE_PREFIX_HEADER = YES;
				GCC_PREFIX_HEADER = ASINetWorkQueue_imageDataDownLoadDemo_Prefix.pch;
				INFOPLIST_FILE = "ASINetWorkQueue_imageDataDownLoadDemo-Info.plist";
				PRODUCT_NAME = ASINetWorkQueue_imageDataDownLoadDemo;
			};
			name = Debug;
		};
		1D6058950D05DD3E006BFB54 /* Release */ = {
			isa = XCBuildConfiguration;
			buildSettings = {
				ALWAYS_SEARCH_USER_PATHS = NO;
				COPY_PHASE_STRIP = YES;
				FRAMEWORK_SEARCH_PATHS = (
					"$(inherited)",
					"\"$(SRCROOT)\"",
				);
				GCC_PRECOMPILE_PREFIX_HEADER = YES;
				GCC_PREFIX_HEADER = ASINetWorkQueue_imageDataDownLoadDemo_Prefix.pch;
				INFOPLIST_FILE = "ASINetWorkQueue_imageDataDownLoadDemo-Info.plist";
				PRODUCT_NAME = ASINetWorkQueue_imageDataDownLoadDemo;
				VALIDATE_PRODUCT = YES;
			};
			name = Release;
		};
		C01FCF4F08A954540054247B /* Debug */ = {
			isa = XCBuildConfiguration;
			buildSettings = {
				ARCHS = "$(ARCHS_STANDARD_32_BIT)";
				"CODE_SIGN_IDENTITY[sdk=iphoneos*]" = "iPhone Developer";
				GCC_C_LANGUAGE_STANDARD = c99;
				GCC_WARN_ABOUT_RETURN_TYPE = YES;
				GCC_WARN_UNUSED_VARIABLE = YES;
				PREBINDING = NO;
				SDKROOT = iphoneos;
			};
			name = Debug;
		};
		C01FCF5008A954540054247B /* Release */ = {
			isa = XCBuildConfiguration;
			buildSettings = {
				ARCHS = "$(ARCHS_STANDARD_32_BIT)";
				"CODE_SIGN_IDENTITY[sdk=iphoneos*]" = "iPhone Developer";
				GCC_C_LANGUAGE_STANDARD = c99;
				GCC_WARN_ABOUT_RETURN_TYPE = YES;
				GCC_WARN_UNUSED_VARIABLE = YES;
				OTHER_CFLAGS = "-DNS_BLOCK_ASSERTIONS=1";
				PREBINDING = NO;
				SDKROOT = iphoneos;
			};
			name = Release;
		};
/* End XCBuildConfiguration section */

/* Begin XCConfigurationList section */
		1D6058960D05DD3E006BFB54 /* Build configuration list for PBXNativeTarget "ASINetWorkQueue_imageDataDownLoadDemo" */ = {
			isa = XCConfigurationList;
			buildConfigurations = (
				1D6058940D05DD3E006BFB54 /* Debug */,
				1D6058950D05DD3E006BFB54 /* Release */,
			);
			defaultConfigurationIsVisible = 0;
			defaultConfigurationName = Release;
		};
		C01FCF4E08A954540054247B /* Build configuration list for PBXProject "ASINetWorkQueue_imageDataDownLoadDemo" */ = {
			isa = XCConfigurationList;
			buildConfigurations = (
				C01FCF4F08A954540054247B /* Debug */,
				C01FCF5008A954540054247B /* Release */,
			);
			defaultConfigurationIsVisible = 0;
			defaultConfigurationName = Release;
		};
/* End XCConfigurationList section */
	};
	rootObject = 29B97313FDCFA39411CA2CEA /* Project object */;
}
