// !$*UTF8*$!
{
	archiveVersion = 1;
	classes = {
	};
	objectVersion = 46;
	objects = {

/* Begin PBXBuildFile section */
		0B84D47A147B935A003BBDA5 /* CFNetwork.framework in Frameworks */ = {isa = PBXBuildFile; fileRef = 0B84D479147B935A003BBDA5 /* CFNetwork.framework */; };
		0B84D47C147B936E003BBDA5 /* SystemConfiguration.framework in Frameworks */ = {isa = PBXBuildFile; fileRef = 0B84D47B147B936E003BBDA5 /* SystemConfiguration.framework */; };
		0B84D480147B93AA003BBDA5 /* MobileCoreServices.framework in Frameworks */ = {isa = PBXBuildFile; fileRef = 0B84D47F147B93AA003BBDA5 /* MobileCoreServices.framework */; };
		0B84D4B2147B940B003BBDA5 /* ASIAuthenticationDialog.m in Sources */ = {isa = PBXBuildFile; fileRef = 0B84D499147B940A003BBDA5 /* ASIAuthenticationDialog.m */; };
		0B84D4B3147B940B003BBDA5 /* ASIDataCompressor.m in Sources */ = {isa = PBXBuildFile; fileRef = 0B84D49C147B940B003BBDA5 /* ASIDataCompressor.m */; };
		0B84D4B4147B940B003BBDA5 /* ASIDataDecompressor.m in Sources */ = {isa = PBXBuildFile; fileRef = 0B84D49E147B940B003BBDA5 /* ASIDataDecompressor.m */; };
		0B84D4B5147B940B003BBDA5 /* ASIDownloadCache.m in Sources */ = {isa = PBXBuildFile; fileRef = 0B84D4A0147B940B003BBDA5 /* ASIDownloadCache.m */; };
		0B84D4B6147B940B003BBDA5 /* ASIFormDataRequest.m in Sources */ = {isa = PBXBuildFile; fileRef = 0B84D4A2147B940B003BBDA5 /* ASIFormDataRequest.m */; };
		0B84D4B7147B940B003BBDA5 /* ASIHTTPRequest.m in Sources */ = {isa = PBXBuildFile; fileRef = 0B84D4A4147B940B003BBDA5 /* ASIHTTPRequest.m */; };
		0B84D4B8147B940B003BBDA5 /* ASIInputStream.m in Sources */ = {isa = PBXBuildFile; fileRef = 0B84D4A8147B940B003BBDA5 /* ASIInputStream.m */; };
		0B84D4B9147B940B003BBDA5 /* ASINetWorkQueue_imageDataDownLoadDemoAppDelegate.m in Sources */ = {isa = PBXBuildFile; fileRef = 0B84D4AA147B940B003BBDA5 /* ASINetWorkQueue_imageDataDownLoadDemoAppDelegate.m */; };
		0B84D4BA147B940B003BBDA5 /* ASINetWorkQueue_imageDataDownLoadDemoViewController.m in Sources */ = {isa = PBXBuildFile; fileRef = 0B84D4AC147B940B003BBDA5 /* ASINetWorkQueue_imageDataDownLoadDemoViewController.m */; };
		0B84D4BB147B940B003BBDA5 /* ASINetworkQueue.m in Sources */ = {isa = PBXBuildFile; fileRef = 0B84D4AE147B940B003BBDA5 /* ASINetworkQueue.m */; };
		0B84D4BC147B940B003BBDA5 /* Reachability.m in Sources */ = {isa = PBXBuildFile; fileRef = 0B84D4B1147B940B003BBDA5 /* Reachability.m */; };
		0B860FA5147DFE49009F4984 /* server.p12 in Resources */ = {isa = PBXBuildFile; fileRef = 0B860FA4147DFE49009F4984 /* server.p12 */; };
		0B86EB44147C895300EC74F2 /* MD5HexDigest.m in Sources */ = {isa = PBXBuildFile; fileRef = 0B86EB43147C895300EC74F2 /* MD5HexDigest.m */; };
		0B86EBBE147CD73700EC74F2 /* Security.framework in Frameworks */ = {isa = PBXBuildFile; fileRef = 0B86EBBD147CD73700EC74F2 /* Security.framework */; };
		0B86EBE6147CD89200EC74F2 /* client.p12 in Resources */ = {isa = PBXBuildFile; fileRef = 0B86EBE5147CD89200EC74F2 /* client.p12 */; };
		0B86EC1A147CE7F600EC74F2 /* HttpsRequest.m in Sources */ = {isa = PBXBuildFile; fileRef = 0B86EC19147CE7F600EC74F2 /* HttpsRequest.m */; };
		0B86EC24147CE94400EC74F2 /* HttpRequest.m in Sources */ = {isa = PBXBuildFile; fileRef = 0B86EC23147CE94400EC74F2 /* HttpRequest.m */; };
		1D3623260D0F684500981E51 /* RestFulDemoAppDelegate.m in Sources */ = {isa = PBXBuildFile; fileRef = 1D3623250D0F684500981E51 /* RestFulDemoAppDelegate.m */; };
		1D60589B0D05DD56006BFB54 /* main.m in Sources */ = {isa = PBXBuildFile; fileRef = 29B97316FDCFA39411CA2CEA /* main.m */; };
		1D60589F0D05DD5A006BFB54 /* Foundation.framework in Frameworks */ = {isa = PBXBuildFile; fileRef = 1D30AB110D05D00D00671497 /* Foundation.framework */; };
		1DF5F4E00D08C38300B7A737 /* UIKit.framework in Frameworks */ = {isa = PBXBuildFile; fileRef = 1DF5F4DF0D08C38300B7A737 /* UIKit.framework */; };
		288765A50DF7441C002DB57D /* CoreGraphics.framework in Frameworks */ = {isa = PBXBuildFile; fileRef = 288765A40DF7441C002DB57D /* CoreGraphics.framework */; };
		2899E5220DE3E06400AC0155 /* RestFulDemoViewController.xib in Resources */ = {isa = PBXBuildFile; fileRef = 2899E5210DE3E06400AC0155 /* RestFulDemoViewController.xib */; };
		28AD733F0D9D9553002E5188 /* MainWindow.xib in Resources */ = {isa = PBXBuildFile; fileRef = 28AD733E0D9D9553002E5188 /* MainWindow.xib */; };
		28D7ACF80DDB3853001CB0EB /* RestFulDemoViewController.m in Sources */ = {isa = PBXBuildFile; fileRef = 28D7ACF70DDB3853001CB0EB /* RestFulDemoViewController.m */; };
		748EF7FD1480EC6900DFA489 /* libz.dylib in Frameworks */ = {isa = PBXBuildFile; fileRef = 748EF7FC1480EC6900DFA489 /* libz.dylib */; };
/* End PBXBuildFile section */

/* Begin PBXFileReference section */
		0B84D479147B935A003BBDA5 /* CFNetwork.framework */ = {isa = PBXFileReference; lastKnownFileType = wrapper.framework; name = CFNetwork.framework; path = System/Library/Frameworks/CFNetwork.framework; sourceTree = SDKROOT; };
		0B84D47B147B936E003BBDA5 /* SystemConfiguration.framework */ = {isa = PBXFileReference; lastKnownFileType = wrapper.framework; name = SystemConfiguration.framework; path = System/Library/Frameworks/SystemConfiguration.framework; sourceTree = SDKROOT; };
		0B84D47F147B93AA003BBDA5 /* MobileCoreServices.framework */ = {isa = PBXFileReference; lastKnownFileType = wrapper.framework; name = MobileCoreServices.framework; path = System/Library/Frameworks/MobileCoreServices.framework; sourceTree = SDKROOT; };
		0B84D498147B940A003BBDA5 /* ASIAuthenticationDialog.h */ = {isa = PBXFileReference; fileEncoding = 4; lastKnownFileType = sourcecode.c.h; path = ASIAuthenticationDialog.h; sourceTree = "<group>"; };
		0B84D499147B940A003BBDA5 /* ASIAuthenticationDialog.m */ = {isa = PBXFileReference; fileEncoding = 4; lastKnownFileType = sourcecode.c.objc; path = ASIAuthenticationDialog.m; sourceTree = "<group>"; };
		0B84D49A147B940B003BBDA5 /* ASICacheDelegate.h */ = {isa = PBXFileReference; fileEncoding = 4; lastKnownFileType = sourcecode.c.h; path = ASICacheDelegate.h; sourceTree = "<group>"; };
		0B84D49B147B940B003BBDA5 /* ASIDataCompressor.h */ = {isa = PBXFileReference; fileEncoding = 4; lastKnownFileType = sourcecode.c.h; path = ASIDataCompressor.h; sourceTree = "<group>"; };
		0B84D49C147B940B003BBDA5 /* ASIDataCompressor.m */ = {isa = PBXFileReference; fileEncoding = 4; lastKnownFileType = sourcecode.c.objc; path = ASIDataCompressor.m; sourceTree = "<group>"; };
		0B84D49D147B940B003BBDA5 /* ASIDataDecompressor.h */ = {isa = PBXFileReference; fileEncoding = 4; lastKnownFileType = sourcecode.c.h; path = ASIDataDecompressor.h; sourceTree = "<group>"; };
		0B84D49E147B940B003BBDA5 /* ASIDataDecompressor.m */ = {isa = PBXFileReference; fileEncoding = 4; lastKnownFileType = sourcecode.c.objc; path = ASIDataDecompressor.m; sourceTree = "<group>"; };
		0B84D49F147B940B003BBDA5 /* ASIDownloadCache.h */ = {isa = PBXFileReference; fileEncoding = 4; lastKnownFileType = sourcecode.c.h; path = ASIDownloadCache.h; sourceTree = "<group>"; };
		0B84D4A0147B940B003BBDA5 /* ASIDownloadCache.m */ = {isa = PBXFileReference; fileEncoding = 4; lastKnownFileType = sourcecode.c.objc; path = ASIDownloadCache.m; sourceTree = "<group>"; };
		0B84D4A1147B940B003BBDA5 /* ASIFormDataRequest.h */ = {isa = PBXFileReference; fileEncoding = 4; lastKnownFileType = sourcecode.c.h; path = ASIFormDataRequest.h; sourceTree = "<group>"; };
		0B84D4A2147B940B003BBDA5 /* ASIFormDataRequest.m */ = {isa = PBXFileReference; fileEncoding = 4; lastKnownFileType = sourcecode.c.objc; path = ASIFormDataRequest.m; sourceTree = "<group>"; };
		0B84D4A3147B940B003BBDA5 /* ASIHTTPRequest.h */ = {isa = PBXFileReference; fileEncoding = 4; lastKnownFileType = sourcecode.c.h; path = ASIHTTPRequest.h; sourceTree = "<group>"; };
		0B84D4A4147B940B003BBDA5 /* ASIHTTPRequest.m */ = {isa = PBXFileReference; fileEncoding = 4; lastKnownFileType = sourcecode.c.objc; path = ASIHTTPRequest.m; sourceTree = "<group>"; };
		0B84D4A5147B940B003BBDA5 /* ASIHTTPRequestConfig.h */ = {isa = PBXFileReference; fileEncoding = 4; lastKnownFileType = sourcecode.c.h; path = ASIHTTPRequestConfig.h; sourceTree = "<group>"; };
		0B84D4A6147B940B003BBDA5 /* ASIHTTPRequestDelegate.h */ = {isa = PBXFileReference; fileEncoding = 4; lastKnownFileType = sourcecode.c.h; path = ASIHTTPRequestDelegate.h; sourceTree = "<group>"; };
		0B84D4A7147B940B003BBDA5 /* ASIInputStream.h */ = {isa = PBXFileReference; fileEncoding = 4; lastKnownFileType = sourcecode.c.h; path = ASIInputStream.h; sourceTree = "<group>"; };
		0B84D4A8147B940B003BBDA5 /* ASIInputStream.m */ = {isa = PBXFileReference; fileEncoding = 4; lastKnownFileType = sourcecode.c.objc; path = ASIInputStream.m; sourceTree = "<group>"; };
		0B84D4A9147B940B003BBDA5 /* ASINetWorkQueue_imageDataDownLoadDemoAppDelegate.h */ = {isa = PBXFileReference; fileEncoding = 4; lastKnownFileType = sourcecode.c.h; path = ASINetWorkQueue_imageDataDownLoadDemoAppDelegate.h; sourceTree = "<group>"; };
		0B84D4AA147B940B003BBDA5 /* ASINetWorkQueue_imageDataDownLoadDemoAppDelegate.m */ = {isa = PBXFileReference; fileEncoding = 4; lastKnownFileType = sourcecode.c.objc; path = ASINetWorkQueue_imageDataDownLoadDemoAppDelegate.m; sourceTree = "<group>"; };
		0B84D4AB147B940B003BBDA5 /* ASINetWorkQueue_imageDataDownLoadDemoViewController.h */ = {isa = PBXFileReference; fileEncoding = 4; lastKnownFileType = sourcecode.c.h; path = ASINetWorkQueue_imageDataDownLoadDemoViewController.h; sourceTree = "<group>"; };
		0B84D4AC147B940B003BBDA5 /* ASINetWorkQueue_imageDataDownLoadDemoViewController.m */ = {isa = PBXFileReference; fileEncoding = 4; lastKnownFileType = sourcecode.c.objc; path = ASINetWorkQueue_imageDataDownLoadDemoViewController.m; sourceTree = "<group>"; };
		0B84D4AD147B940B003BBDA5 /* ASINetworkQueue.h */ = {isa = PBXFileReference; fileEncoding = 4; lastKnownFileType = sourcecode.c.h; path = ASINetworkQueue.h; sourceTree = "<group>"; };
		0B84D4AE147B940B003BBDA5 /* ASINetworkQueue.m */ = {isa = PBXFileReference; fileEncoding = 4; lastKnownFileType = sourcecode.c.objc; path = ASINetworkQueue.m; sourceTree = "<group>"; };
		0B84D4AF147B940B003BBDA5 /* ASIProgressDelegate.h */ = {isa = PBXFileReference; fileEncoding = 4; lastKnownFileType = sourcecode.c.h; path = ASIProgressDelegate.h; sourceTree = "<group>"; };
		0B84D4B0147B940B003BBDA5 /* Reachability.h */ = {isa = PBXFileReference; fileEncoding = 4; lastKnownFileType = sourcecode.c.h; path = Reachability.h; sourceTree = "<group>"; };
		0B84D4B1147B940B003BBDA5 /* Reachability.m */ = {isa = PBXFileReference; fileEncoding = 4; lastKnownFileType = sourcecode.c.objc; path = Reachability.m; sourceTree = "<group>"; };
		0B860FA4147DFE49009F4984 /* server.p12 */ = {isa = PBXFileReference; lastKnownFileType = file; path = server.p12; sourceTree = "<group>"; };
		0B86EB42147C895300EC74F2 /* MD5HexDigest.h */ = {isa = PBXFileReference; fileEncoding = 4; lastKnownFileType = sourcecode.c.h; path = MD5HexDigest.h; sourceTree = "<group>"; };
		0B86EB43147C895300EC74F2 /* MD5HexDigest.m */ = {isa = PBXFileReference; fileEncoding = 4; lastKnownFileType = sourcecode.c.objc; path = MD5HexDigest.m; sourceTree = "<group>"; };
		0B86EBBD147CD73700EC74F2 /* Security.framework */ = {isa = PBXFileReference; lastKnownFileType = wrapper.framework; name = Security.framework; path = System/Library/Frameworks/Security.framework; sourceTree = SDKROOT; };
		0B86EBE5147CD89200EC74F2 /* client.p12 */ = {isa = PBXFileReference; lastKnownFileType = file; path = client.p12; sourceTree = "<group>"; };
		0B86EC18147CE7F600EC74F2 /* HttpsRequest.h */ = {isa = PBXFileReference; fileEncoding = 4; lastKnownFileType = sourcecode.c.h; path = HttpsRequest.h; sourceTree = "<group>"; };
		0B86EC19147CE7F600EC74F2 /* HttpsRequest.m */ = {isa = PBXFileReference; fileEncoding = 4; lastKnownFileType = sourcecode.c.objc; path = HttpsRequest.m; sourceTree = "<group>"; };
		0B86EC22147CE94400EC74F2 /* HttpRequest.h */ = {isa = PBXFileReference; fileEncoding = 4; lastKnownFileType = sourcecode.c.h; path = HttpRequest.h; sourceTree = "<group>"; };
		0B86EC23147CE94400EC74F2 /* HttpRequest.m */ = {isa = PBXFileReference; fileEncoding = 4; lastKnownFileType = sourcecode.c.objc; path = HttpRequest.m; sourceTree = "<group>"; };
		1D30AB110D05D00D00671497 /* Foundation.framework */ = {isa = PBXFileReference; lastKnownFileType = wrapper.framework; name = Foundation.framework; path = System/Library/Frameworks/Foundation.framework; sourceTree = SDKROOT; };
		1D3623240D0F684500981E51 /* RestFulDemoAppDelegate.h */ = {isa = PBXFileReference; fileEncoding = 4; lastKnownFileType = sourcecode.c.h; path = RestFulDemoAppDelegate.h; sourceTree = "<group>"; };
		1D3623250D0F684500981E51 /* RestFulDemoAppDelegate.m */ = {isa = PBXFileReference; fileEncoding = 4; lastKnownFileType = sourcecode.c.objc; path = RestFulDemoAppDelegate.m; sourceTree = "<group>"; };
		1D6058910D05DD3D006BFB54 /* RestFulDemo.app */ = {isa = PBXFileReference; explicitFileType = wrapper.application; includeInIndex = 0; path = RestFulDemo.app; sourceTree = BUILT_PRODUCTS_DIR; };
		1DF5F4DF0D08C38300B7A737 /* UIKit.framework */ = {isa = PBXFileReference; lastKnownFileType = wrapper.framework; name = UIKit.framework; path = System/Library/Frameworks/UIKit.framework; sourceTree = SDKROOT; };
		288765A40DF7441C002DB57D /* CoreGraphics.framework */ = {isa = PBXFileReference; lastKnownFileType = wrapper.framework; name = CoreGraphics.framework; path = System/Library/Frameworks/CoreGraphics.framework; sourceTree = SDKROOT; };
		2899E5210DE3E06400AC0155 /* RestFulDemoViewController.xib */ = {isa = PBXFileReference; lastKnownFileType = file.xib; path = RestFulDemoViewController.xib; sourceTree = "<group>"; };
		28AD733E0D9D9553002E5188 /* MainWindow.xib */ = {isa = PBXFileReference; lastKnownFileType = file.xib; path = MainWindow.xib; sourceTree = "<group>"; };
		28D7ACF60DDB3853001CB0EB /* RestFulDemoViewController.h */ = {isa = PBXFileReference; fileEncoding = 4; lastKnownFileType = sourcecode.c.h; path = RestFulDemoViewController.h; sourceTree = "<group>"; };
		28D7ACF70DDB3853001CB0EB /* RestFulDemoViewController.m */ = {isa = PBXFileReference; fileEncoding = 4; lastKnownFileType = sourcecode.c.objc; path = RestFulDemoViewController.m; sourceTree = "<group>"; };
		29B97316FDCFA39411CA2CEA /* main.m */ = {isa = PBXFileReference; fileEncoding = 4; lastKnownFileType = sourcecode.c.objc; path = main.m; sourceTree = "<group>"; };
		32CA4F630368D1EE00C91783 /* RestFulDemo_Prefix.pch */ = {isa = PBXFileReference; fileEncoding = 4; lastKnownFileType = sourcecode.c.h; path = RestFulDemo_Prefix.pch; sourceTree = "<group>"; };
		748EF7FC1480EC6900DFA489 /* libz.dylib */ = {isa = PBXFileReference; lastKnownFileType = "compiled.mach-o.dylib"; name = libz.dylib; path = usr/lib/libz.dylib; sourceTree = SDKROOT; };
		8D1107310486CEB800E47090 /* RestFulDemo-Info.plist */ = {isa = PBXFileReference; fileEncoding = 4; lastKnownFileType = text.plist.xml; path = "RestFulDemo-Info.plist"; plistStructureDefinitionIdentifier = "com.apple.xcode.plist.structure-definition.iphone.info-plist"; sourceTree = "<group>"; };
/* End PBXFileReference section */

/* Begin PBXFrameworksBuildPhase section */
		1D60588F0D05DD3D006BFB54 /* Frameworks */ = {
			isa = PBXFrameworksBuildPhase;
			buildActionMask = 2147483647;
			files = (
				748EF7FD1480EC6900DFA489 /* libz.dylib in Frameworks */,
				1D60589F0D05DD5A006BFB54 /* Foundation.framework in Frameworks */,
				1DF5F4E00D08C38300B7A737 /* UIKit.framework in Frameworks */,
				288765A50DF7441C002DB57D /* CoreGraphics.framework in Frameworks */,
				0B84D47A147B935A003BBDA5 /* CFNetwork.framework in Frameworks */,
				0B84D47C147B936E003BBDA5 /* SystemConfiguration.framework in Frameworks */,
				0B84D480147B93AA003BBDA5 /* MobileCoreServices.framework in Frameworks */,
				0B86EBBE147CD73700EC74F2 /* Security.framework in Frameworks */,
			);
			runOnlyForDeploymentPostprocessing = 0;
		};
/* End PBXFrameworksBuildPhase section */

/* Begin PBXGroup section */
		080E96DDFE201D6D7F000001 /* Classes */ = {
			isa = PBXGroup;
			children = (
				0B86EC21147CE91B00EC74F2 /* Http */,
				0B86EC17147CE79E00EC74F2 /* Https */,
				0B86EB41147C891B00EC74F2 /* MD5 */,
				0B86EB34147C88B400EC74F2 /* asihttp */,
				1D3623240D0F684500981E51 /* RestFulDemoAppDelegate.h */,
				1D3623250D0F684500981E51 /* RestFulDemoAppDelegate.m */,
				28D7ACF60DDB3853001CB0EB /* RestFulDemoViewController.h */,
				28D7ACF70DDB3853001CB0EB /* RestFulDemoViewController.m */,
			);
			path = Classes;
			sourceTree = "<group>";
		};
		0B86EB34147C88B400EC74F2 /* asihttp */ = {
			isa = PBXGroup;
			children = (
				0B84D498147B940A003BBDA5 /* ASIAuthenticationDialog.h */,
				0B84D499147B940A003BBDA5 /* ASIAuthenticationDialog.m */,
				0B84D49A147B940B003BBDA5 /* ASICacheDelegate.h */,
				0B84D49B147B940B003BBDA5 /* ASIDataCompressor.h */,
				0B84D49C147B940B003BBDA5 /* ASIDataCompressor.m */,
				0B84D49D147B940B003BBDA5 /* ASIDataDecompressor.h */,
				0B84D49E147B940B003BBDA5 /* ASIDataDecompressor.m */,
				0B84D49F147B940B003BBDA5 /* ASIDownloadCache.h */,
				0B84D4A0147B940B003BBDA5 /* ASIDownloadCache.m */,
				0B84D4A1147B940B003BBDA5 /* ASIFormDataRequest.h */,
				0B84D4A2147B940B003BBDA5 /* ASIFormDataRequest.m */,
				0B84D4A3147B940B003BBDA5 /* ASIHTTPRequest.h */,
				0B84D4A4147B940B003BBDA5 /* ASIHTTPRequest.m */,
				0B84D4A5147B940B003BBDA5 /* ASIHTTPRequestConfig.h */,
				0B84D4A6147B940B003BBDA5 /* ASIHTTPRequestDelegate.h */,
				0B84D4A7147B940B003BBDA5 /* ASIInputStream.h */,
				0B84D4A8147B940B003BBDA5 /* ASIInputStream.m */,
				0B84D4A9147B940B003BBDA5 /* ASINetWorkQueue_imageDataDownLoadDemoAppDelegate.h */,
				0B84D4AA147B940B003BBDA5 /* ASINetWorkQueue_imageDataDownLoadDemoAppDelegate.m */,
				0B84D4AB147B940B003BBDA5 /* ASINetWorkQueue_imageDataDownLoadDemoViewController.h */,
				0B84D4AC147B940B003BBDA5 /* ASINetWorkQueue_imageDataDownLoadDemoViewController.m */,
				0B84D4AD147B940B003BBDA5 /* ASINetworkQueue.h */,
				0B84D4AE147B940B003BBDA5 /* ASINetworkQueue.m */,
				0B84D4AF147B940B003BBDA5 /* ASIProgressDelegate.h */,
				0B84D4B0147B940B003BBDA5 /* Reachability.h */,
				0B84D4B1147B940B003BBDA5 /* Reachability.m */,
			);
			name = asihttp;
			sourceTree = "<group>";
		};
		0B86EB41147C891B00EC74F2 /* MD5 */ = {
			isa = PBXGroup;
			children = (
				0B86EB42147C895300EC74F2 /* MD5HexDigest.h */,
				0B86EB43147C895300EC74F2 /* MD5HexDigest.m */,
			);
			name = MD5;
			sourceTree = "<group>";
		};
		0B86EC17147CE79E00EC74F2 /* Https */ = {
			isa = PBXGroup;
			children = (
				0B86EC18147CE7F600EC74F2 /* HttpsRequest.h */,
				0B86EC19147CE7F600EC74F2 /* HttpsRequest.m */,
			);
			name = Https;
			sourceTree = "<group>";
		};
		0B86EC21147CE91B00EC74F2 /* Http */ = {
			isa = PBXGroup;
			children = (
				0B86EC22147CE94400EC74F2 /* HttpRequest.h */,
				0B86EC23147CE94400EC74F2 /* HttpRequest.m */,
			);
			name = Http;
			path = ..;
			sourceTree = "<group>";
		};
		19C28FACFE9D520D11CA2CBB /* Products */ = {
			isa = PBXGroup;
			children = (
				1D6058910D05DD3D006BFB54 /* RestFulDemo.app */,
			);
			name = Products;
			sourceTree = "<group>";
		};
		29B97314FDCFA39411CA2CEA /* CustomTemplate */ = {
			isa = PBXGroup;
			children = (
				080E96DDFE201D6D7F000001 /* Classes */,
				29B97315FDCFA39411CA2CEA /* Other Sources */,
				29B97317FDCFA39411CA2CEA /* Resources */,
				29B97323FDCFA39411CA2CEA /* Frameworks */,
				19C28FACFE9D520D11CA2CBB /* Products */,
			);
			name = CustomTemplate;
			sourceTree = "<group>";
		};
		29B97315FDCFA39411CA2CEA /* Other Sources */ = {
			isa = PBXGroup;
			children = (
				32CA4F630368D1EE00C91783 /* RestFulDemo_Prefix.pch */,
				29B97316FDCFA39411CA2CEA /* main.m */,
			);
			name = "Other Sources";
			sourceTree = "<group>";
		};
		29B97317FDCFA39411CA2CEA /* Resources */ = {
			isa = PBXGroup;
			children = (
				0B860FA4147DFE49009F4984 /* server.p12 */,
				0B86EBE5147CD89200EC74F2 /* client.p12 */,
				2899E5210DE3E06400AC0155 /* RestFulDemoViewController.xib */,
				28AD733E0D9D9553002E5188 /* MainWindow.xib */,
				8D1107310486CEB800E47090 /* RestFulDemo-Info.plist */,
			);
			name = Resources;
			sourceTree = "<group>";
		};
		29B97323FDCFA39411CA2CEA /* Frameworks */ = {
			isa = PBXGroup;
			children = (
				748EF7FC1480EC6900DFA489 /* libz.dylib */,
				0B86EBBD147CD73700EC74F2 /* Security.framework */,
				0B84D479147B935A003BBDA5 /* CFNetwork.framework */,
				0B84D47B147B936E003BBDA5 /* SystemConfiguration.framework */,
				0B84D47F147B93AA003BBDA5 /* MobileCoreServices.framework */,
				1DF5F4DF0D08C38300B7A737 /* UIKit.framework */,
				1D30AB110D05D00D00671497 /* Foundation.framework */,
				288765A40DF7441C002DB57D /* CoreGraphics.framework */,
			);
			name = Frameworks;
			sourceTree = "<group>";
		};
/* End PBXGroup section */

/* Begin PBXNativeTarget section */
		1D6058900D05DD3D006BFB54 /* RestFulDemo */ = {
			isa = PBXNativeTarget;
			buildConfigurationList = 1D6058960D05DD3E006BFB54 /* Build configuration list for PBXNativeTarget "RestFulDemo" */;
			buildPhases = (
				1D60588D0D05DD3D006BFB54 /* Resources */,
				1D60588E0D05DD3D006BFB54 /* Sources */,
				1D60588F0D05DD3D006BFB54 /* Frameworks */,
			);
			buildRules = (
			);
			dependencies = (
			);
			name = RestFulDemo;
			productName = RestFulDemo;
			productReference = 1D6058910D05DD3D006BFB54 /* RestFulDemo.app */;
			productType = "com.apple.product-type.application";
		};
/* End PBXNativeTarget section */

/* Begin PBXProject section */
		29B97313FDCFA39411CA2CEA /* Project object */ = {
			isa = PBXProject;
			buildConfigurationList = C01FCF4E08A954540054247B /* Build configuration list for PBXProject "RestFulDemo" */;
			compatibilityVersion = "Xcode 3.2";
			developmentRegion = English;
			hasScannedForEncodings = 1;
			knownRegions = (
				English,
				Japanese,
				French,
				German,
			);
			mainGroup = 29B97314FDCFA39411CA2CEA /* CustomTemplate */;
			projectDirPath = "";
			projectRoot = "";
			targets = (
				1D6058900D05DD3D006BFB54 /* RestFulDemo */,
			);
		};
/* End PBXProject section */

/* Begin PBXResourcesBuildPhase section */
		1D60588D0D05DD3D006BFB54 /* Resources */ = {
			isa = PBXResourcesBuildPhase;
			buildActionMask = 2147483647;
			files = (
				28AD733F0D9D9553002E5188 /* MainWindow.xib in Resources */,
				2899E5220DE3E06400AC0155 /* RestFulDemoViewController.xib in Resources */,
				0B86EBE6147CD89200EC74F2 /* client.p12 in Resources */,
				0B860FA5147DFE49009F4984 /* server.p12 in Resources */,
			);
			runOnlyForDeploymentPostprocessing = 0;
		};
/* End PBXResourcesBuildPhase section */

/* Begin PBXSourcesBuildPhase section */
		1D60588E0D05DD3D006BFB54 /* Sources */ = {
			isa = PBXSourcesBuildPhase;
			buildActionMask = 2147483647;
			files = (
				1D60589B0D05DD56006BFB54 /* main.m in Sources */,
				1D3623260D0F684500981E51 /* RestFulDemoAppDelegate.m in Sources */,
				28D7ACF80DDB3853001CB0EB /* RestFulDemoViewController.m in Sources */,
				0B84D4B2147B940B003BBDA5 /* ASIAuthenticationDialog.m in Sources */,
				0B84D4B3147B940B003BBDA5 /* ASIDataCompressor.m in Sources */,
				0B84D4B4147B940B003BBDA5 /* ASIDataDecompressor.m in Sources */,
				0B84D4B5147B940B003BBDA5 /* ASIDownloadCache.m in Sources */,
				0B84D4B6147B940B003BBDA5 /* ASIFormDataRequest.m in Sources */,
				0B84D4B7147B940B003BBDA5 /* ASIHTTPRequest.m in Sources */,
				0B84D4B8147B940B003BBDA5 /* ASIInputStream.m in Sources */,
				0B84D4B9147B940B003BBDA5 /* ASINetWorkQueue_imageDataDownLoadDemoAppDelegate.m in Sources */,
				0B84D4BA147B940B003BBDA5 /* ASINetWorkQueue_imageDataDownLoadDemoViewController.m in Sources */,
				0B84D4BB147B940B003BBDA5 /* ASINetworkQueue.m in Sources */,
				0B84D4BC147B940B003BBDA5 /* Reachability.m in Sources */,
				0B86EB44147C895300EC74F2 /* MD5HexDigest.m in Sources */,
				0B86EC1A147CE7F600EC74F2 /* HttpsRequest.m in Sources */,
				0B86EC24147CE94400EC74F2 /* HttpRequest.m in Sources */,
			);
			runOnlyForDeploymentPostprocessing = 0;
		};
/* End PBXSourcesBuildPhase section */

/* Begin XCBuildConfiguration section */
		1D6058940D05DD3E006BFB54 /* Debug */ = {
			isa = XCBuildConfiguration;
			buildSettings = {
				ALWAYS_SEARCH_USER_PATHS = NO;
				COPY_PHASE_STRIP = NO;
				GCC_DYNAMIC_NO_PIC = NO;
				GCC_OPTIMIZATION_LEVEL = 0;
				GCC_PRECOMPILE_PREFIX_HEADER = YES;
				GCC_PREFIX_HEADER = RestFulDemo_Prefix.pch;
				INFOPLIST_FILE = "RestFulDemo-Info.plist";
				PRODUCT_NAME = RestFulDemo;
			};
			name = Debug;
		};
		1D6058950D05DD3E006BFB54 /* Release */ = {
			isa = XCBuildConfiguration;
			buildSettings = {
				ALWAYS_SEARCH_USER_PATHS = NO;
				COPY_PHASE_STRIP = YES;
				GCC_PRECOMPILE_PREFIX_HEADER = YES;
				GCC_PREFIX_HEADER = RestFulDemo_Prefix.pch;
				INFOPLIST_FILE = "RestFulDemo-Info.plist";
				PRODUCT_NAME = RestFulDemo;
				VALIDATE_PRODUCT = YES;
			};
			name = Release;
		};
		C01FCF4F08A954540054247B /* Debug */ = {
			isa = XCBuildConfiguration;
			buildSettings = {
				ARCHS = "$(ARCHS_STANDARD_32_BIT)";
				"CODE_SIGN_IDENTITY[sdk=iphoneos*]" = "iPhone Developer";
				GCC_C_LANGUAGE_STANDARD = c99;
				GCC_WARN_ABOUT_RETURN_TYPE = YES;
				GCC_WARN_UNUSED_VARIABLE = YES;
				PREBINDING = NO;
				SDKROOT = iphoneos;
			};
			name = Debug;
		};
		C01FCF5008A954540054247B /* Release */ = {
			isa = XCBuildConfiguration;
			buildSettings = {
				ARCHS = "$(ARCHS_STANDARD_32_BIT)";
				"CODE_SIGN_IDENTITY[sdk=iphoneos*]" = "iPhone Developer";
				GCC_C_LANGUAGE_STANDARD = c99;
				GCC_WARN_ABOUT_RETURN_TYPE = YES;
				GCC_WARN_UNUSED_VARIABLE = YES;
				OTHER_CFLAGS = "-DNS_BLOCK_ASSERTIONS=1";
				PREBINDING = NO;
				SDKROOT = iphoneos;
			};
			name = Release;
		};
/* End XCBuildConfiguration section */

/* Begin XCConfigurationList section */
		1D6058960D05DD3E006BFB54 /* Build configuration list for PBXNativeTarget "RestFulDemo" */ = {
			isa = XCConfigurationList;
			buildConfigurations = (
				1D6058940D05DD3E006BFB54 /* Debug */,
				1D6058950D05DD3E006BFB54 /* Release */,
			);
			defaultConfigurationIsVisible = 0;
			defaultConfigurationName = Release;
		};
		C01FCF4E08A954540054247B /* Build configuration list for PBXProject "RestFulDemo" */ = {
			isa = XCConfigurationList;
			buildConfigurations = (
				C01FCF4F08A954540054247B /* Debug */,
				C01FCF5008A954540054247B /* Release */,
			);
			defaultConfigurationIsVisible = 0;
			defaultConfigurationName = Release;
		};
/* End XCConfigurationList section */
	};
	rootObject = 29B97313FDCFA39411CA2CEA /* Project object */;
}
